
Microsoft Visual Studio Solution File, Format Version 12.00
# Visual Studio 15
VisualStudioVersion = 15.0.28307.421
MinimumVisualStudioVersion = 10.0.40219.1
Project("{FAE04EC0-301F-11D3-BF4B-00C04F79EFBC}") = "Chapter1", "Chapter1\Chapter1.csproj", "{64135D85-9CE8-47F3-94E3-D8C922F93C46}"
EndProject
Project("{FAE04EC0-301F-11D3-BF4B-00C04F79EFBC}") = "Chapter3", "Chapter3\Chapter3.csproj", "{DF984333-305C-44B9-871F-7BE602FC1898}"
EndProject
Project("{FAE04EC0-301F-11D3-BF4B-00C04F79EFBC}") = "Chapter2", "Chapter2\Chapter2.csproj", "{C66267E2-5F5D-4D5D-9316-B184D9942FD2}"
EndProject
Global
	GlobalSection(SolutionConfigurationPlatforms) = preSolution
		Debug|Any CPU = Debug|Any CPU
		Release|Any CPU = Release|Any CPU
	EndGlobalSection
	GlobalSection(ProjectConfigurationPlatforms) = postSolution
		{64135D85-9CE8-47F3-94E3-D8C922F93C46}.Debug|Any CPU.ActiveCfg = Debug|Any CPU
		{64135D85-9CE8-47F3-94E3-D8C922F93C46}.Debug|Any CPU.Build.0 = Debug|Any CPU
		{64135D85-9CE8-47F3-94E3-D8C922F93C46}.Release|Any CPU.ActiveCfg = Release|Any CPU
		{64135D85-9CE8-47F3-94E3-D8C922F93C46}.Release|Any CPU.Build.0 = Release|Any CPU
		{DF984333-305C-44B9-871F-7BE602FC1898}.Debug|Any CPU.ActiveCfg = Debug|Any CPU
		{DF984333-305C-44B9-871F-7BE602FC1898}.Debug|Any CPU.Build.0 = Debug|Any CPU
		{DF984333-305C-44B9-871F-7BE602FC1898}.Release|Any CPU.ActiveCfg = Release|Any CPU
		{DF984333-305C-44B9-871F-7BE602FC1898}.Release|Any CPU.Build.0 = Release|Any CPU
		{C66267E2-5F5D-4D5D-9316-B184D9942FD2}.Debug|Any CPU.ActiveCfg = Debug|Any CPU
		{C66267E2-5F5D-4D5D-9316-B184D9942FD2}.Debug|Any CPU.Build.0 = Debug|Any CPU
		{C66267E2-5F5D-4D5D-9316-B184D9942FD2}.Release|Any CPU.ActiveCfg = Release|Any CPU
		{C66267E2-5F5D-4D5D-9316-B184D9942FD2}.Release|Any CPU.Build.0 = Release|Any CPU
	EndGlobalSection
	GlobalSection(SolutionProperties) = preSolution
		HideSolutionNode = FALSE
	EndGlobalSection
	GlobalSection(ExtensibilityGlobals) = postSolution
		SolutionGuid = {853A1A05-73A5-47A8-8747-7A359D3EEF28}
	EndGlobalSection
EndGlobal
